
Microsoft Visual Studio Solution File, Format Version 12.00
# Visual Studio Version 17
VisualStudioVersion = 17.7.34221.43
MinimumVisualStudioVersion = 10.0.40219.1
Project("{FAE04EC0-301F-11D3-BF4B-00C04F79EFBC}") = "PP time miguel casper", "PP time miguel casper\PP time miguel casper.csproj", "{BF7A3F38-3609-46C5-A013-190BD64F1379}"
EndProject
Global
	GlobalSection(SolutionConfigurationPlatforms) = preSolution
		Debug|Any CPU = Debug|Any CPU
		Release|Any CPU = Release|Any CPU
	EndGlobalSection
	GlobalSection(ProjectConfigurationPlatforms) = postSolution
		{BF7A3F38-3609-46C5-A013-190BD64F1379}.Debug|Any CPU.ActiveCfg = Debug|Any CPU
		{BF7A3F38-3609-46C5-A013-190BD64F1379}.Debug|Any CPU.Build.0 = Debug|Any CPU
		{BF7A3F38-3609-46C5-A013-190BD64F1379}.Release|Any CPU.ActiveCfg = Release|Any CPU
		{BF7A3F38-3609-46C5-A013-190BD64F1379}.Release|Any CPU.Build.0 = Release|Any CPU
	EndGlobalSection
	GlobalSection(SolutionProperties) = preSolution
		HideSolutionNode = FALSE
	EndGlobalSection
	GlobalSection(ExtensibilityGlobals) = postSolution
		SolutionGuid = {0D11CF58-E3A4-42A1-81A0-FDC7B3651EBA}
	EndGlobalSection
EndGlobal
